
Microsoft Visual Studio Solution File, Format Version 12.00
# Visual Studio 15
VisualStudioVersion = 15.0.35826.109
MinimumVisualStudioVersion = 10.0.40219.1
Project("{FAE04EC0-301F-11D3-BF4B-00C04F79EFBC}") = "ClassicUno", "ClassicUno\ClassicUno.csproj", "{855FF02A-01A9-4AE5-AC3D-ECB572F3498A}"
EndProject
Global
	GlobalSection(SolutionConfigurationPlatforms) = preSolution
		Debug|Any CPU = Debug|Any CPU
		Release|Any CPU = Release|Any CPU
	EndGlobalSection
	GlobalSection(ProjectConfigurationPlatforms) = postSolution
		{855FF02A-01A9-4AE5-AC3D-ECB572F3498A}.Debug|Any CPU.ActiveCfg = Debug|Any CPU
		{855FF02A-01A9-4AE5-AC3D-ECB572F3498A}.Debug|Any CPU.Build.0 = Debug|Any CPU
		{855FF02A-01A9-4AE5-AC3D-ECB572F3498A}.Release|Any CPU.ActiveCfg = Release|Any CPU
		{855FF02A-01A9-4AE5-AC3D-ECB572F3498A}.Release|Any CPU.Build.0 = Release|Any CPU
	EndGlobalSection
	GlobalSection(SolutionProperties) = preSolution
		HideSolutionNode = FALSE
	EndGlobalSection
	GlobalSection(ExtensibilityGlobals) = postSolution
		SolutionGuid = {AB270F8A-0449-454A-A879-DF93D5668AD4}
	EndGlobalSection
EndGlobal
